
Microsoft Visual Studio Solution File, Format Version 12.00
# Visual Studio Version 16
VisualStudioVersion = 16.0.30804.86
MinimumVisualStudioVersion = 10.0.40219.1
Project("{FAE04EC0-301F-11D3-BF4B-00C04F79EFBC}") = "MVCClient", "MVCClient\MVCClient.csproj", "{9444D9A1-DD9C-4C37-BB03-C24EA2E4C476}"
EndProject
Global
	GlobalSection(SolutionConfigurationPlatforms) = preSolution
		Debug|Any CPU = Debug|Any CPU
		Release|Any CPU = Release|Any CPU
	EndGlobalSection
	GlobalSection(ProjectConfigurationPlatforms) = postSolution
		{9444D9A1-DD9C-4C37-BB03-C24EA2E4C476}.Debug|Any CPU.ActiveCfg = Debug|Any CPU
		{9444D9A1-DD9C-4C37-BB03-C24EA2E4C476}.Debug|Any CPU.Build.0 = Debug|Any CPU
		{9444D9A1-DD9C-4C37-BB03-C24EA2E4C476}.Release|Any CPU.ActiveCfg = Release|Any CPU
		{9444D9A1-DD9C-4C37-BB03-C24EA2E4C476}.Release|Any CPU.Build.0 = Release|Any CPU
	EndGlobalSection
	GlobalSection(SolutionProperties) = preSolution
		HideSolutionNode = FALSE
	EndGlobalSection
	GlobalSection(ExtensibilityGlobals) = postSolution
		SolutionGuid = {FE2E4EF6-1E2E-4606-B9B3-2C645773958B}
	EndGlobalSection
EndGlobal
